
Microsoft Visual Studio Solution File, Format Version 12.00
# Visual Studio Version 17
VisualStudioVersion = 17.9.34310.174
MinimumVisualStudioVersion = 10.0.40219.1
Project("{2150E333-8FDC-42A3-9474-1A3956D46DE8}") = "Solution Items", "Solution Items", "{F95D0273-99D5-4953-80F5-BCB032CF4239}"
	ProjectSection(SolutionItems) = preProject
		.dockerignore = .dockerignore
		src\docker-compose.override.yml = src\docker-compose.override.yml
		src\docker-compose.yml = src\docker-compose.yml
		global.json = global.json
		..\README.md = ..\README.md
	EndProjectSection
EndProject
Project("{2150E333-8FDC-42A3-9474-1A3956D46DE8}") = "src", "src", "{15931F8C-35B5-45EC-AAD5-BC24E12CC378}"
EndProject
Project("{2150E333-8FDC-42A3-9474-1A3956D46DE8}") = "test", "test", "{CF90DB22-62CD-4B1A-8521-C1492598B4DB}"
EndProject
Project("{2150E333-8FDC-42A3-9474-1A3956D46DE8}") = "ApiGateways", "ApiGateways", "{DF323104-1241-4AC8-B13D-F3FBC7A21889}"
EndProject
Project("{2150E333-8FDC-42A3-9474-1A3956D46DE8}") = "BuildingBlocks", "BuildingBlocks", "{6FFA3E57-C34D-46E4-BF20-AE59BE4F0B58}"
EndProject
Project("{2150E333-8FDC-42A3-9474-1A3956D46DE8}") = "Services", "Services", "{79FFFA1C-A278-4D01-9B77-8F56EB130B41}"
EndProject
Project("{2150E333-8FDC-42A3-9474-1A3956D46DE8}") = "WebApps", "WebApps", "{EF13CEDF-6B6A-4A6E-8065-BB2A6E49FAD4}"
EndProject
Project("{9A19103F-16F7-4668-BE54-9A1E7A4F7556}") = "Common.Logging", "src\BuildingBlocks\Common.Logging\Common.Logging.csproj", "{AB325F8E-7933-4BCA-BEDB-8F88264774AF}"
EndProject
Project("{9A19103F-16F7-4668-BE54-9A1E7A4F7556}") = "EventBus.Messages", "src\BuildingBlocks\EventBus.Messages\EventBus.Messages.csproj", "{37108723-54CA-4735-96AE-748CA9A4F2D2}"
EndProject
Project("{2150E333-8FDC-42A3-9474-1A3956D46DE8}") = "Product", "Product", "{263D1431-7B2E-4550-829B-CF4733C93833}"
EndProject
Project("{2150E333-8FDC-42A3-9474-1A3956D46DE8}") = "Customer", "Customer", "{8A7ACF66-2254-4212-8EC9-CFB63E3019B6}"
EndProject
Project("{2150E333-8FDC-42A3-9474-1A3956D46DE8}") = "Basket", "Basket", "{7785EE7B-5E32-4655-865D-ACA68FC83F07}"
EndProject
Project("{2150E333-8FDC-42A3-9474-1A3956D46DE8}") = "Ordering", "Ordering", "{E5912162-B242-414A-B0F9-4F0DD8CD6889}"
EndProject
Project("{2150E333-8FDC-42A3-9474-1A3956D46DE8}") = "Invertory", "Invertory", "{D0B594B2-93AD-4E5D-A01A-E27FCA696877}"
EndProject
Project("{2150E333-8FDC-42A3-9474-1A3956D46DE8}") = "ScheduledJob", "ScheduledJob", "{99A96C8F-6C60-4E7F-A6AC-FE848F66F5B6}"
EndProject
Project("{9A19103F-16F7-4668-BE54-9A1E7A4F7556}") = "WebHealthStatus", "src\WebApps\WebHealthStatus\WebHealthStatus.csproj", "{404B534B-1005-4725-99A8-A5B04F2AF893}"
EndProject
Project("{9A19103F-16F7-4668-BE54-9A1E7A4F7556}") = "Basket.API", "src\Services\Basket.API\Basket.API.csproj", "{307581EF-8600-4CFE-AA10-31353F3F40FA}"
EndProject
Project("{9A19103F-16F7-4668-BE54-9A1E7A4F7556}") = "Customer.API", "src\Services\Customer.API\Customer.API.csproj", "{650C1218-0D11-42B2-964D-22AA7FBA1B40}"
EndProject
Project("{9A19103F-16F7-4668-BE54-9A1E7A4F7556}") = "Inventory.API", "src\Services\Inventory.API\Inventory.API.csproj", "{A2854331-C098-446D-86C7-8167A92C76CA}"
EndProject
Project("{9A19103F-16F7-4668-BE54-9A1E7A4F7556}") = "Ordering.API", "src\Services\Ordering.API\Ordering.API.csproj", "{C7B7F9F4-D666-4589-BA44-459560766859}"
EndProject
Project("{9A19103F-16F7-4668-BE54-9A1E7A4F7556}") = "Product.API", "src\Services\Product.API\Product.API.csproj", "{2FDF265D-B3B1-408A-A762-99022E99BFEF}"
EndProject
Project("{9A19103F-16F7-4668-BE54-9A1E7A4F7556}") = "Hangfire.API", "src\Services\Hangfire.API\Hangfire.API.csproj", "{449087C6-B261-48AE-90A0-E4028B8DC534}"
EndProject
Project("{9A19103F-16F7-4668-BE54-9A1E7A4F7556}") = "Contracts", "src\BuildingBlocks\Contracts\Contracts.csproj", "{9A098935-4892-421E-9E28-EE8A18E44D15}"
EndProject
Project("{9A19103F-16F7-4668-BE54-9A1E7A4F7556}") = "Infrastructure", "src\BuildingBlocks\Infrastructure\Infrastructure.csproj", "{ABF82D5F-495F-4D29-A373-A2D3B52E82C4}"
EndProject
Project("{9A19103F-16F7-4668-BE54-9A1E7A4F7556}") = "Shared", "src\BuildingBlocks\Shared\Shared.csproj", "{593D14E7-A260-4E62-8185-5D3351E846BC}"
EndProject
Project("{9A19103F-16F7-4668-BE54-9A1E7A4F7556}") = "OcelotApiGw", "src\ApiGateways\OcelotApiGw\OcelotApiGw.csproj", "{1B2D40AF-B898-49EB-BEAD-4CBE2ACE6AB0}"
EndProject
Project("{2150E333-8FDC-42A3-9474-1A3956D46DE8}") = ".github", ".github", "{BDEB5A44-177A-470C-8C96-F20CDD1CD7FD}"
EndProject
Project("{2150E333-8FDC-42A3-9474-1A3956D46DE8}") = "workflows", "workflows", "{45BD747B-B92E-4FBC-807C-1A86C466AF01}"
EndProject
Global
	GlobalSection(SolutionConfigurationPlatforms) = preSolution
		Debug|Any CPU = Debug|Any CPU
		Release|Any CPU = Release|Any CPU
	EndGlobalSection
	GlobalSection(ProjectConfigurationPlatforms) = postSolution
		{AB325F8E-7933-4BCA-BEDB-8F88264774AF}.Debug|Any CPU.ActiveCfg = Debug|Any CPU
		{AB325F8E-7933-4BCA-BEDB-8F88264774AF}.Debug|Any CPU.Build.0 = Debug|Any CPU
		{AB325F8E-7933-4BCA-BEDB-8F88264774AF}.Release|Any CPU.ActiveCfg = Release|Any CPU
		{AB325F8E-7933-4BCA-BEDB-8F88264774AF}.Release|Any CPU.Build.0 = Release|Any CPU
		{37108723-54CA-4735-96AE-748CA9A4F2D2}.Debug|Any CPU.ActiveCfg = Debug|Any CPU
		{37108723-54CA-4735-96AE-748CA9A4F2D2}.Debug|Any CPU.Build.0 = Debug|Any CPU
		{37108723-54CA-4735-96AE-748CA9A4F2D2}.Release|Any CPU.ActiveCfg = Release|Any CPU
		{37108723-54CA-4735-96AE-748CA9A4F2D2}.Release|Any CPU.Build.0 = Release|Any CPU
		{404B534B-1005-4725-99A8-A5B04F2AF893}.Debug|Any CPU.ActiveCfg = Debug|Any CPU
		{404B534B-1005-4725-99A8-A5B04F2AF893}.Debug|Any CPU.Build.0 = Debug|Any CPU
		{404B534B-1005-4725-99A8-A5B04F2AF893}.Release|Any CPU.ActiveCfg = Release|Any CPU
		{404B534B-1005-4725-99A8-A5B04F2AF893}.Release|Any CPU.Build.0 = Release|Any CPU
		{307581EF-8600-4CFE-AA10-31353F3F40FA}.Debug|Any CPU.ActiveCfg = Debug|Any CPU
		{307581EF-8600-4CFE-AA10-31353F3F40FA}.Debug|Any CPU.Build.0 = Debug|Any CPU
		{307581EF-8600-4CFE-AA10-31353F3F40FA}.Release|Any CPU.ActiveCfg = Release|Any CPU
		{307581EF-8600-4CFE-AA10-31353F3F40FA}.Release|Any CPU.Build.0 = Release|Any CPU
		{650C1218-0D11-42B2-964D-22AA7FBA1B40}.Debug|Any CPU.ActiveCfg = Debug|Any CPU
		{650C1218-0D11-42B2-964D-22AA7FBA1B40}.Debug|Any CPU.Build.0 = Debug|Any CPU
		{650C1218-0D11-42B2-964D-22AA7FBA1B40}.Release|Any CPU.ActiveCfg = Release|Any CPU
		{650C1218-0D11-42B2-964D-22AA7FBA1B40}.Release|Any CPU.Build.0 = Release|Any CPU
		{A2854331-C098-446D-86C7-8167A92C76CA}.Debug|Any CPU.ActiveCfg = Debug|Any CPU
		{A2854331-C098-446D-86C7-8167A92C76CA}.Debug|Any CPU.Build.0 = Debug|Any CPU
		{A2854331-C098-446D-86C7-8167A92C76CA}.Release|Any CPU.ActiveCfg = Release|Any CPU
		{A2854331-C098-446D-86C7-8167A92C76CA}.Release|Any CPU.Build.0 = Release|Any CPU
		{C7B7F9F4-D666-4589-BA44-459560766859}.Debug|Any CPU.ActiveCfg = Debug|Any CPU
		{C7B7F9F4-D666-4589-BA44-459560766859}.Debug|Any CPU.Build.0 = Debug|Any CPU
		{C7B7F9F4-D666-4589-BA44-459560766859}.Release|Any CPU.ActiveCfg = Release|Any CPU
		{C7B7F9F4-D666-4589-BA44-459560766859}.Release|Any CPU.Build.0 = Release|Any CPU
		{2FDF265D-B3B1-408A-A762-99022E99BFEF}.Debug|Any CPU.ActiveCfg = Debug|Any CPU
		{2FDF265D-B3B1-408A-A762-99022E99BFEF}.Debug|Any CPU.Build.0 = Debug|Any CPU
		{2FDF265D-B3B1-408A-A762-99022E99BFEF}.Release|Any CPU.ActiveCfg = Release|Any CPU
		{2FDF265D-B3B1-408A-A762-99022E99BFEF}.Release|Any CPU.Build.0 = Release|Any CPU
		{449087C6-B261-48AE-90A0-E4028B8DC534}.Debug|Any CPU.ActiveCfg = Debug|Any CPU
		{449087C6-B261-48AE-90A0-E4028B8DC534}.Debug|Any CPU.Build.0 = Debug|Any CPU
		{449087C6-B261-48AE-90A0-E4028B8DC534}.Release|Any CPU.ActiveCfg = Release|Any CPU
		{449087C6-B261-48AE-90A0-E4028B8DC534}.Release|Any CPU.Build.0 = Release|Any CPU
		{9A098935-4892-421E-9E28-EE8A18E44D15}.Debug|Any CPU.ActiveCfg = Debug|Any CPU
		{9A098935-4892-421E-9E28-EE8A18E44D15}.Debug|Any CPU.Build.0 = Debug|Any CPU
		{9A098935-4892-421E-9E28-EE8A18E44D15}.Release|Any CPU.ActiveCfg = Release|Any CPU
		{9A098935-4892-421E-9E28-EE8A18E44D15}.Release|Any CPU.Build.0 = Release|Any CPU
		{ABF82D5F-495F-4D29-A373-A2D3B52E82C4}.Debug|Any CPU.ActiveCfg = Debug|Any CPU
		{ABF82D5F-495F-4D29-A373-A2D3B52E82C4}.Debug|Any CPU.Build.0 = Debug|Any CPU
		{ABF82D5F-495F-4D29-A373-A2D3B52E82C4}.Release|Any CPU.ActiveCfg = Release|Any CPU
		{ABF82D5F-495F-4D29-A373-A2D3B52E82C4}.Release|Any CPU.Build.0 = Release|Any CPU
		{593D14E7-A260-4E62-8185-5D3351E846BC}.Debug|Any CPU.ActiveCfg = Debug|Any CPU
		{593D14E7-A260-4E62-8185-5D3351E846BC}.Debug|Any CPU.Build.0 = Debug|Any CPU
		{593D14E7-A260-4E62-8185-5D3351E846BC}.Release|Any CPU.ActiveCfg = Release|Any CPU
		{593D14E7-A260-4E62-8185-5D3351E846BC}.Release|Any CPU.Build.0 = Release|Any CPU
		{1B2D40AF-B898-49EB-BEAD-4CBE2ACE6AB0}.Debug|Any CPU.ActiveCfg = Debug|Any CPU
		{1B2D40AF-B898-49EB-BEAD-4CBE2ACE6AB0}.Debug|Any CPU.Build.0 = Debug|Any CPU
		{1B2D40AF-B898-49EB-BEAD-4CBE2ACE6AB0}.Release|Any CPU.ActiveCfg = Release|Any CPU
		{1B2D40AF-B898-49EB-BEAD-4CBE2ACE6AB0}.Release|Any CPU.Build.0 = Release|Any CPU
	EndGlobalSection
	GlobalSection(SolutionProperties) = preSolution
		HideSolutionNode = FALSE
	EndGlobalSection
	GlobalSection(NestedProjects) = preSolution
		{15931F8C-35B5-45EC-AAD5-BC24E12CC378} = {F95D0273-99D5-4953-80F5-BCB032CF4239}
		{CF90DB22-62CD-4B1A-8521-C1492598B4DB} = {F95D0273-99D5-4953-80F5-BCB032CF4239}
		{DF323104-1241-4AC8-B13D-F3FBC7A21889} = {15931F8C-35B5-45EC-AAD5-BC24E12CC378}
		{6FFA3E57-C34D-46E4-BF20-AE59BE4F0B58} = {15931F8C-35B5-45EC-AAD5-BC24E12CC378}
		{79FFFA1C-A278-4D01-9B77-8F56EB130B41} = {15931F8C-35B5-45EC-AAD5-BC24E12CC378}
		{EF13CEDF-6B6A-4A6E-8065-BB2A6E49FAD4} = {15931F8C-35B5-45EC-AAD5-BC24E12CC378}
		{AB325F8E-7933-4BCA-BEDB-8F88264774AF} = {6FFA3E57-C34D-46E4-BF20-AE59BE4F0B58}
		{37108723-54CA-4735-96AE-748CA9A4F2D2} = {6FFA3E57-C34D-46E4-BF20-AE59BE4F0B58}
		{263D1431-7B2E-4550-829B-CF4733C93833} = {79FFFA1C-A278-4D01-9B77-8F56EB130B41}
		{8A7ACF66-2254-4212-8EC9-CFB63E3019B6} = {79FFFA1C-A278-4D01-9B77-8F56EB130B41}
		{7785EE7B-5E32-4655-865D-ACA68FC83F07} = {79FFFA1C-A278-4D01-9B77-8F56EB130B41}
		{E5912162-B242-414A-B0F9-4F0DD8CD6889} = {79FFFA1C-A278-4D01-9B77-8F56EB130B41}
		{D0B594B2-93AD-4E5D-A01A-E27FCA696877} = {79FFFA1C-A278-4D01-9B77-8F56EB130B41}
		{99A96C8F-6C60-4E7F-A6AC-FE848F66F5B6} = {79FFFA1C-A278-4D01-9B77-8F56EB130B41}
		{404B534B-1005-4725-99A8-A5B04F2AF893} = {EF13CEDF-6B6A-4A6E-8065-BB2A6E49FAD4}
		{307581EF-8600-4CFE-AA10-31353F3F40FA} = {7785EE7B-5E32-4655-865D-ACA68FC83F07}
		{650C1218-0D11-42B2-964D-22AA7FBA1B40} = {8A7ACF66-2254-4212-8EC9-CFB63E3019B6}
		{A2854331-C098-446D-86C7-8167A92C76CA} = {D0B594B2-93AD-4E5D-A01A-E27FCA696877}
		{C7B7F9F4-D666-4589-BA44-459560766859} = {E5912162-B242-414A-B0F9-4F0DD8CD6889}
		{2FDF265D-B3B1-408A-A762-99022E99BFEF} = {263D1431-7B2E-4550-829B-CF4733C93833}
		{449087C6-B261-48AE-90A0-E4028B8DC534} = {99A96C8F-6C60-4E7F-A6AC-FE848F66F5B6}
		{9A098935-4892-421E-9E28-EE8A18E44D15} = {6FFA3E57-C34D-46E4-BF20-AE59BE4F0B58}
		{ABF82D5F-495F-4D29-A373-A2D3B52E82C4} = {6FFA3E57-C34D-46E4-BF20-AE59BE4F0B58}
		{593D14E7-A260-4E62-8185-5D3351E846BC} = {6FFA3E57-C34D-46E4-BF20-AE59BE4F0B58}
		{1B2D40AF-B898-49EB-BEAD-4CBE2ACE6AB0} = {DF323104-1241-4AC8-B13D-F3FBC7A21889}
		{BDEB5A44-177A-470C-8C96-F20CDD1CD7FD} = {F95D0273-99D5-4953-80F5-BCB032CF4239}
		{45BD747B-B92E-4FBC-807C-1A86C466AF01} = {BDEB5A44-177A-470C-8C96-F20CDD1CD7FD}
	EndGlobalSection
	GlobalSection(ExtensibilityGlobals) = postSolution
		SolutionGuid = {2F167112-848C-4522-AB95-80488D241B4D}
	EndGlobalSection
EndGlobal
