
Microsoft Visual Studio Solution File, Format Version 12.00
# Visual Studio Version 17
VisualStudioVersion = 17.9.34310.174
MinimumVisualStudioVersion = 10.0.40219.1
Project("{2150E333-8FDC-42A3-9474-1A3956D46DE8}") = "Solution Items", "Solution Items", "{F95D0273-99D5-4953-80F5-BCB032CF4239}"
	ProjectSection(SolutionItems) = preProject
		.dockerignore = .dockerignore
		src\docker-compose.override.yml = src\docker-compose.override.yml
		src\docker-compose.yml = src\docker-compose.yml
		global.json = global.json
		..\README.md = ..\README.md
		NET_Microservices_Architecture_for_Containerized_NET_Applications.pdf = NET_Microservices_Architecture_for_Containerized_NET_Applications.pdf
	EndProjectSection
EndProject
Project("{2150E333-8FDC-42A3-9474-1A3956D46DE8}") = "src", "src", "{15931F8C-35B5-45EC-AAD5-BC24E12CC378}"
EndProject
Project("{2150E333-8FDC-42A3-9474-1A3956D46DE8}") = "test", "test", "{CF90DB22-62CD-4B1A-8521-C1492598B4DB}"
EndProject
Project("{2150E333-8FDC-42A3-9474-1A3956D46DE8}") = "ApiGateways", "ApiGateways", "{DF323104-1241-4AC8-B13D-F3FBC7A21889}"
EndProject
Project("{2150E333-8FDC-42A3-9474-1A3956D46DE8}") = "BuildingBlocks", "BuildingBlocks", "{6FFA3E57-C34D-46E4-BF20-AE59BE4F0B58}"
EndProject
Project("{2150E333-8FDC-42A3-9474-1A3956D46DE8}") = "Services", "Services", "{79FFFA1C-A278-4D01-9B77-8F56EB130B41}"
EndProject
Project("{2150E333-8FDC-42A3-9474-1A3956D46DE8}") = "WebApps", "WebApps", "{EF13CEDF-6B6A-4A6E-8065-BB2A6E49FAD4}"
EndProject
Project("{9A19103F-16F7-4668-BE54-9A1E7A4F7556}") = "Common.Logging", "src\BuildingBlocks\Common.Logging\Common.Logging.csproj", "{AB325F8E-7933-4BCA-BEDB-8F88264774AF}"
EndProject
Project("{2150E333-8FDC-42A3-9474-1A3956D46DE8}") = "Product", "Product", "{263D1431-7B2E-4550-829B-CF4733C93833}"
EndProject
Project("{2150E333-8FDC-42A3-9474-1A3956D46DE8}") = "Customer", "Customer", "{8A7ACF66-2254-4212-8EC9-CFB63E3019B6}"
EndProject
Project("{2150E333-8FDC-42A3-9474-1A3956D46DE8}") = "Basket", "Basket", "{7785EE7B-5E32-4655-865D-ACA68FC83F07}"
EndProject
Project("{2150E333-8FDC-42A3-9474-1A3956D46DE8}") = "Ordering", "Ordering", "{E5912162-B242-414A-B0F9-4F0DD8CD6889}"
EndProject
Project("{2150E333-8FDC-42A3-9474-1A3956D46DE8}") = "Invertory", "Invertory", "{D0B594B2-93AD-4E5D-A01A-E27FCA696877}"
EndProject
Project("{2150E333-8FDC-42A3-9474-1A3956D46DE8}") = "ScheduledJob", "ScheduledJob", "{99A96C8F-6C60-4E7F-A6AC-FE848F66F5B6}"
EndProject
Project("{9A19103F-16F7-4668-BE54-9A1E7A4F7556}") = "WebHealthStatus", "src\WebApps\WebHealthStatus\WebHealthStatus.csproj", "{404B534B-1005-4725-99A8-A5B04F2AF893}"
EndProject
Project("{9A19103F-16F7-4668-BE54-9A1E7A4F7556}") = "Basket.API", "src\Services\Basket.API\Basket.API.csproj", "{307581EF-8600-4CFE-AA10-31353F3F40FA}"
	ProjectSection(ProjectDependencies) = postProject
		{593D14E7-A260-4E62-8185-5D3351E846BC} = {593D14E7-A260-4E62-8185-5D3351E846BC}
		{9A098935-4892-421E-9E28-EE8A18E44D15} = {9A098935-4892-421E-9E28-EE8A18E44D15}
		{ABF82D5F-495F-4D29-A373-A2D3B52E82C4} = {ABF82D5F-495F-4D29-A373-A2D3B52E82C4}
	EndProjectSection
EndProject
Project("{9A19103F-16F7-4668-BE54-9A1E7A4F7556}") = "Customer.API", "src\Services\Customer.API\Customer.API.csproj", "{650C1218-0D11-42B2-964D-22AA7FBA1B40}"
	ProjectSection(ProjectDependencies) = postProject
		{593D14E7-A260-4E62-8185-5D3351E846BC} = {593D14E7-A260-4E62-8185-5D3351E846BC}
		{9A098935-4892-421E-9E28-EE8A18E44D15} = {9A098935-4892-421E-9E28-EE8A18E44D15}
		{ABF82D5F-495F-4D29-A373-A2D3B52E82C4} = {ABF82D5F-495F-4D29-A373-A2D3B52E82C4}
	EndProjectSection
EndProject
Project("{9A19103F-16F7-4668-BE54-9A1E7A4F7556}") = "Product.API", "src\Services\Product.API\Product.API.csproj", "{2FDF265D-B3B1-408A-A762-99022E99BFEF}"
EndProject
Project("{9A19103F-16F7-4668-BE54-9A1E7A4F7556}") = "Hangfire.API", "src\Services\Hangfire.API\Hangfire.API.csproj", "{449087C6-B261-48AE-90A0-E4028B8DC534}"
EndProject
Project("{9A19103F-16F7-4668-BE54-9A1E7A4F7556}") = "Contracts", "src\BuildingBlocks\Contracts\Contracts.csproj", "{9A098935-4892-421E-9E28-EE8A18E44D15}"
EndProject
Project("{9A19103F-16F7-4668-BE54-9A1E7A4F7556}") = "Infrastructure", "src\BuildingBlocks\Infrastructure\Infrastructure.csproj", "{ABF82D5F-495F-4D29-A373-A2D3B52E82C4}"
EndProject
Project("{9A19103F-16F7-4668-BE54-9A1E7A4F7556}") = "Shared", "src\BuildingBlocks\Shared\Shared.csproj", "{593D14E7-A260-4E62-8185-5D3351E846BC}"
EndProject
Project("{9A19103F-16F7-4668-BE54-9A1E7A4F7556}") = "OcelotApiGw", "src\ApiGateways\OcelotApiGw\OcelotApiGw.csproj", "{1B2D40AF-B898-49EB-BEAD-4CBE2ACE6AB0}"
EndProject
Project("{FAE04EC0-301F-11D3-BF4B-00C04F79EFBC}") = "Ordering.API", "src\Services\Ordering\Ordering.API\Ordering.API.csproj", "{33841668-B5A3-4E39-B08C-E4774F932F1A}"
EndProject
Project("{FAE04EC0-301F-11D3-BF4B-00C04F79EFBC}") = "Ordering.Application", "src\Services\Ordering\Ordering.Application\Ordering.Application.csproj", "{26220912-B34B-45EA-A617-F00CFE402488}"
EndProject
Project("{FAE04EC0-301F-11D3-BF4B-00C04F79EFBC}") = "Ordering.Domain", "src\Services\Ordering\Ordering.Domain\Ordering.Domain.csproj", "{03C13EEF-318C-4218-BF27-C9D08243C585}"
EndProject
Project("{FAE04EC0-301F-11D3-BF4B-00C04F79EFBC}") = "Ordering.Infrastructure", "src\Services\Ordering\Ordering.Infrastructure\Ordering.Infrastructure.csproj", "{19C34DE5-2805-446C-924D-E05D8A594634}"
EndProject
Project("{2150E333-8FDC-42A3-9474-1A3956D46DE8}") = "EventBus", "EventBus", "{02EA681E-C7D8-13C7-8484-4AC65E1B71E8}"
EndProject
Project("{FAE04EC0-301F-11D3-BF4B-00C04F79EFBC}") = "EventBus.Messages", "src\BuildingBlocks\EventBus\EventBus.Messages\EventBus.Messages.csproj", "{AEE8A2E6-3416-3B50-BFFA-9217F9C3EA0B}"
EndProject
Project("{FAE04EC0-301F-11D3-BF4B-00C04F79EFBC}") = "Inventory.API", "src\Services\Inventory\Inventory.API\Inventory.API.csproj", "{91676865-C968-4E84-907D-96F599A48BA3}"
EndProject
Project("{FAE04EC0-301F-11D3-BF4B-00C04F79EFBC}") = "Inventory.Grpc", "src\Services\Inventory\Inventory.Grpc\Inventory.Grpc.csproj", "{5CCAC960-334E-3401-0C5C-6D6F0FE5E072}"
EndProject
Project("{2150E333-8FDC-42A3-9474-1A3956D46DE8}") = "Saga.Orchestrator", "Saga.Orchestrator", "{9A5A390A-A3A5-48C8-812E-E8715AE65052}"
EndProject
Project("{FAE04EC0-301F-11D3-BF4B-00C04F79EFBC}") = "Saga.Orchestrator", "src\Saga.Orchestrator\Saga.Orchestrator\Saga.Orchestrator.csproj", "{31ACD223-213F-4095-85EF-B387FEE26532}"
EndProject
Project("{2150E333-8FDC-42A3-9474-1A3956D46DE8}") = "IdentityServer", "IdentityServer", "{DB1DF01E-CEDC-47A8-8CEF-7C2430942C5C}"
EndProject
Project("{FAE04EC0-301F-11D3-BF4B-00C04F79EFBC}") = "IdentityServer", "src\IdentityServer\Microservices.IDP\IdentityServer.csproj", "{E24CB19E-835A-62CE-5ADC-08599E72E2A2}"
EndProject
Project("{FAE04EC0-301F-11D3-BF4B-00C04F79EFBC}") = "Microservices.IDP.Presentation", "src\IdentityServer\Microservices.IDP.Presentation\Microservices.IDP.Presentation\Microservices.IDP.Presentation.csproj", "{5135A109-960E-444B-B4D5-22DF24568476}"
EndProject
Global
	GlobalSection(SolutionConfigurationPlatforms) = preSolution
		Debug|Any CPU = Debug|Any CPU
		Release|Any CPU = Release|Any CPU
	EndGlobalSection
	GlobalSection(ProjectConfigurationPlatforms) = postSolution
		{AB325F8E-7933-4BCA-BEDB-8F88264774AF}.Debug|Any CPU.ActiveCfg = Debug|Any CPU
		{AB325F8E-7933-4BCA-BEDB-8F88264774AF}.Debug|Any CPU.Build.0 = Debug|Any CPU
		{AB325F8E-7933-4BCA-BEDB-8F88264774AF}.Release|Any CPU.ActiveCfg = Release|Any CPU
		{AB325F8E-7933-4BCA-BEDB-8F88264774AF}.Release|Any CPU.Build.0 = Release|Any CPU
		{404B534B-1005-4725-99A8-A5B04F2AF893}.Debug|Any CPU.ActiveCfg = Debug|Any CPU
		{404B534B-1005-4725-99A8-A5B04F2AF893}.Debug|Any CPU.Build.0 = Debug|Any CPU
		{404B534B-1005-4725-99A8-A5B04F2AF893}.Release|Any CPU.ActiveCfg = Release|Any CPU
		{404B534B-1005-4725-99A8-A5B04F2AF893}.Release|Any CPU.Build.0 = Release|Any CPU
		{307581EF-8600-4CFE-AA10-31353F3F40FA}.Debug|Any CPU.ActiveCfg = Debug|Any CPU
		{307581EF-8600-4CFE-AA10-31353F3F40FA}.Debug|Any CPU.Build.0 = Debug|Any CPU
		{307581EF-8600-4CFE-AA10-31353F3F40FA}.Release|Any CPU.ActiveCfg = Release|Any CPU
		{307581EF-8600-4CFE-AA10-31353F3F40FA}.Release|Any CPU.Build.0 = Release|Any CPU
		{650C1218-0D11-42B2-964D-22AA7FBA1B40}.Debug|Any CPU.ActiveCfg = Debug|Any CPU
		{650C1218-0D11-42B2-964D-22AA7FBA1B40}.Debug|Any CPU.Build.0 = Debug|Any CPU
		{650C1218-0D11-42B2-964D-22AA7FBA1B40}.Release|Any CPU.ActiveCfg = Release|Any CPU
		{650C1218-0D11-42B2-964D-22AA7FBA1B40}.Release|Any CPU.Build.0 = Release|Any CPU
		{2FDF265D-B3B1-408A-A762-99022E99BFEF}.Debug|Any CPU.ActiveCfg = Debug|Any CPU
		{2FDF265D-B3B1-408A-A762-99022E99BFEF}.Debug|Any CPU.Build.0 = Debug|Any CPU
		{2FDF265D-B3B1-408A-A762-99022E99BFEF}.Release|Any CPU.ActiveCfg = Release|Any CPU
		{2FDF265D-B3B1-408A-A762-99022E99BFEF}.Release|Any CPU.Build.0 = Release|Any CPU
		{449087C6-B261-48AE-90A0-E4028B8DC534}.Debug|Any CPU.ActiveCfg = Debug|Any CPU
		{449087C6-B261-48AE-90A0-E4028B8DC534}.Debug|Any CPU.Build.0 = Debug|Any CPU
		{449087C6-B261-48AE-90A0-E4028B8DC534}.Release|Any CPU.ActiveCfg = Release|Any CPU
		{449087C6-B261-48AE-90A0-E4028B8DC534}.Release|Any CPU.Build.0 = Release|Any CPU
		{9A098935-4892-421E-9E28-EE8A18E44D15}.Debug|Any CPU.ActiveCfg = Debug|Any CPU
		{9A098935-4892-421E-9E28-EE8A18E44D15}.Debug|Any CPU.Build.0 = Debug|Any CPU
		{9A098935-4892-421E-9E28-EE8A18E44D15}.Release|Any CPU.ActiveCfg = Release|Any CPU
		{9A098935-4892-421E-9E28-EE8A18E44D15}.Release|Any CPU.Build.0 = Release|Any CPU
		{ABF82D5F-495F-4D29-A373-A2D3B52E82C4}.Debug|Any CPU.ActiveCfg = Debug|Any CPU
		{ABF82D5F-495F-4D29-A373-A2D3B52E82C4}.Debug|Any CPU.Build.0 = Debug|Any CPU
		{ABF82D5F-495F-4D29-A373-A2D3B52E82C4}.Release|Any CPU.ActiveCfg = Release|Any CPU
		{ABF82D5F-495F-4D29-A373-A2D3B52E82C4}.Release|Any CPU.Build.0 = Release|Any CPU
		{593D14E7-A260-4E62-8185-5D3351E846BC}.Debug|Any CPU.ActiveCfg = Debug|Any CPU
		{593D14E7-A260-4E62-8185-5D3351E846BC}.Debug|Any CPU.Build.0 = Debug|Any CPU
		{593D14E7-A260-4E62-8185-5D3351E846BC}.Release|Any CPU.ActiveCfg = Release|Any CPU
		{593D14E7-A260-4E62-8185-5D3351E846BC}.Release|Any CPU.Build.0 = Release|Any CPU
		{1B2D40AF-B898-49EB-BEAD-4CBE2ACE6AB0}.Debug|Any CPU.ActiveCfg = Debug|Any CPU
		{1B2D40AF-B898-49EB-BEAD-4CBE2ACE6AB0}.Debug|Any CPU.Build.0 = Debug|Any CPU
		{1B2D40AF-B898-49EB-BEAD-4CBE2ACE6AB0}.Release|Any CPU.ActiveCfg = Release|Any CPU
		{1B2D40AF-B898-49EB-BEAD-4CBE2ACE6AB0}.Release|Any CPU.Build.0 = Release|Any CPU
		{33841668-B5A3-4E39-B08C-E4774F932F1A}.Debug|Any CPU.ActiveCfg = Debug|Any CPU
		{33841668-B5A3-4E39-B08C-E4774F932F1A}.Debug|Any CPU.Build.0 = Debug|Any CPU
		{33841668-B5A3-4E39-B08C-E4774F932F1A}.Release|Any CPU.ActiveCfg = Release|Any CPU
		{33841668-B5A3-4E39-B08C-E4774F932F1A}.Release|Any CPU.Build.0 = Release|Any CPU
		{26220912-B34B-45EA-A617-F00CFE402488}.Debug|Any CPU.ActiveCfg = Debug|Any CPU
		{26220912-B34B-45EA-A617-F00CFE402488}.Debug|Any CPU.Build.0 = Debug|Any CPU
		{26220912-B34B-45EA-A617-F00CFE402488}.Release|Any CPU.ActiveCfg = Release|Any CPU
		{26220912-B34B-45EA-A617-F00CFE402488}.Release|Any CPU.Build.0 = Release|Any CPU
		{03C13EEF-318C-4218-BF27-C9D08243C585}.Debug|Any CPU.ActiveCfg = Debug|Any CPU
		{03C13EEF-318C-4218-BF27-C9D08243C585}.Debug|Any CPU.Build.0 = Debug|Any CPU
		{03C13EEF-318C-4218-BF27-C9D08243C585}.Release|Any CPU.ActiveCfg = Release|Any CPU
		{03C13EEF-318C-4218-BF27-C9D08243C585}.Release|Any CPU.Build.0 = Release|Any CPU
		{19C34DE5-2805-446C-924D-E05D8A594634}.Debug|Any CPU.ActiveCfg = Debug|Any CPU
		{19C34DE5-2805-446C-924D-E05D8A594634}.Debug|Any CPU.Build.0 = Debug|Any CPU
		{19C34DE5-2805-446C-924D-E05D8A594634}.Release|Any CPU.ActiveCfg = Release|Any CPU
		{19C34DE5-2805-446C-924D-E05D8A594634}.Release|Any CPU.Build.0 = Release|Any CPU
		{AEE8A2E6-3416-3B50-BFFA-9217F9C3EA0B}.Debug|Any CPU.ActiveCfg = Debug|Any CPU
		{AEE8A2E6-3416-3B50-BFFA-9217F9C3EA0B}.Debug|Any CPU.Build.0 = Debug|Any CPU
		{AEE8A2E6-3416-3B50-BFFA-9217F9C3EA0B}.Release|Any CPU.ActiveCfg = Release|Any CPU
		{AEE8A2E6-3416-3B50-BFFA-9217F9C3EA0B}.Release|Any CPU.Build.0 = Release|Any CPU
		{91676865-C968-4E84-907D-96F599A48BA3}.Debug|Any CPU.ActiveCfg = Debug|Any CPU
		{91676865-C968-4E84-907D-96F599A48BA3}.Debug|Any CPU.Build.0 = Debug|Any CPU
		{91676865-C968-4E84-907D-96F599A48BA3}.Release|Any CPU.ActiveCfg = Release|Any CPU
		{91676865-C968-4E84-907D-96F599A48BA3}.Release|Any CPU.Build.0 = Release|Any CPU
		{5CCAC960-334E-3401-0C5C-6D6F0FE5E072}.Debug|Any CPU.ActiveCfg = Debug|Any CPU
		{5CCAC960-334E-3401-0C5C-6D6F0FE5E072}.Debug|Any CPU.Build.0 = Debug|Any CPU
		{5CCAC960-334E-3401-0C5C-6D6F0FE5E072}.Release|Any CPU.ActiveCfg = Release|Any CPU
		{5CCAC960-334E-3401-0C5C-6D6F0FE5E072}.Release|Any CPU.Build.0 = Release|Any CPU
		{31ACD223-213F-4095-85EF-B387FEE26532}.Debug|Any CPU.ActiveCfg = Debug|Any CPU
		{31ACD223-213F-4095-85EF-B387FEE26532}.Debug|Any CPU.Build.0 = Debug|Any CPU
		{31ACD223-213F-4095-85EF-B387FEE26532}.Release|Any CPU.ActiveCfg = Release|Any CPU
		{31ACD223-213F-4095-85EF-B387FEE26532}.Release|Any CPU.Build.0 = Release|Any CPU
		{E24CB19E-835A-62CE-5ADC-08599E72E2A2}.Debug|Any CPU.ActiveCfg = Debug|Any CPU
		{E24CB19E-835A-62CE-5ADC-08599E72E2A2}.Debug|Any CPU.Build.0 = Debug|Any CPU
		{E24CB19E-835A-62CE-5ADC-08599E72E2A2}.Release|Any CPU.ActiveCfg = Release|Any CPU
		{E24CB19E-835A-62CE-5ADC-08599E72E2A2}.Release|Any CPU.Build.0 = Release|Any CPU
		{5135A109-960E-444B-B4D5-22DF24568476}.Debug|Any CPU.ActiveCfg = Debug|Any CPU
		{5135A109-960E-444B-B4D5-22DF24568476}.Debug|Any CPU.Build.0 = Debug|Any CPU
		{5135A109-960E-444B-B4D5-22DF24568476}.Release|Any CPU.ActiveCfg = Release|Any CPU
		{5135A109-960E-444B-B4D5-22DF24568476}.Release|Any CPU.Build.0 = Release|Any CPU
	EndGlobalSection
	GlobalSection(SolutionProperties) = preSolution
		HideSolutionNode = FALSE
	EndGlobalSection
	GlobalSection(NestedProjects) = preSolution
		{DF323104-1241-4AC8-B13D-F3FBC7A21889} = {15931F8C-35B5-45EC-AAD5-BC24E12CC378}
		{6FFA3E57-C34D-46E4-BF20-AE59BE4F0B58} = {15931F8C-35B5-45EC-AAD5-BC24E12CC378}
		{79FFFA1C-A278-4D01-9B77-8F56EB130B41} = {15931F8C-35B5-45EC-AAD5-BC24E12CC378}
		{EF13CEDF-6B6A-4A6E-8065-BB2A6E49FAD4} = {15931F8C-35B5-45EC-AAD5-BC24E12CC378}
		{AB325F8E-7933-4BCA-BEDB-8F88264774AF} = {6FFA3E57-C34D-46E4-BF20-AE59BE4F0B58}
		{263D1431-7B2E-4550-829B-CF4733C93833} = {79FFFA1C-A278-4D01-9B77-8F56EB130B41}
		{8A7ACF66-2254-4212-8EC9-CFB63E3019B6} = {79FFFA1C-A278-4D01-9B77-8F56EB130B41}
		{7785EE7B-5E32-4655-865D-ACA68FC83F07} = {79FFFA1C-A278-4D01-9B77-8F56EB130B41}
		{E5912162-B242-414A-B0F9-4F0DD8CD6889} = {79FFFA1C-A278-4D01-9B77-8F56EB130B41}
		{D0B594B2-93AD-4E5D-A01A-E27FCA696877} = {79FFFA1C-A278-4D01-9B77-8F56EB130B41}
		{99A96C8F-6C60-4E7F-A6AC-FE848F66F5B6} = {79FFFA1C-A278-4D01-9B77-8F56EB130B41}
		{404B534B-1005-4725-99A8-A5B04F2AF893} = {EF13CEDF-6B6A-4A6E-8065-BB2A6E49FAD4}
		{307581EF-8600-4CFE-AA10-31353F3F40FA} = {7785EE7B-5E32-4655-865D-ACA68FC83F07}
		{650C1218-0D11-42B2-964D-22AA7FBA1B40} = {8A7ACF66-2254-4212-8EC9-CFB63E3019B6}
		{2FDF265D-B3B1-408A-A762-99022E99BFEF} = {263D1431-7B2E-4550-829B-CF4733C93833}
		{449087C6-B261-48AE-90A0-E4028B8DC534} = {99A96C8F-6C60-4E7F-A6AC-FE848F66F5B6}
		{9A098935-4892-421E-9E28-EE8A18E44D15} = {6FFA3E57-C34D-46E4-BF20-AE59BE4F0B58}
		{ABF82D5F-495F-4D29-A373-A2D3B52E82C4} = {6FFA3E57-C34D-46E4-BF20-AE59BE4F0B58}
		{593D14E7-A260-4E62-8185-5D3351E846BC} = {6FFA3E57-C34D-46E4-BF20-AE59BE4F0B58}
		{1B2D40AF-B898-49EB-BEAD-4CBE2ACE6AB0} = {DF323104-1241-4AC8-B13D-F3FBC7A21889}
		{33841668-B5A3-4E39-B08C-E4774F932F1A} = {E5912162-B242-414A-B0F9-4F0DD8CD6889}
		{26220912-B34B-45EA-A617-F00CFE402488} = {E5912162-B242-414A-B0F9-4F0DD8CD6889}
		{03C13EEF-318C-4218-BF27-C9D08243C585} = {E5912162-B242-414A-B0F9-4F0DD8CD6889}
		{19C34DE5-2805-446C-924D-E05D8A594634} = {E5912162-B242-414A-B0F9-4F0DD8CD6889}
		{02EA681E-C7D8-13C7-8484-4AC65E1B71E8} = {6FFA3E57-C34D-46E4-BF20-AE59BE4F0B58}
		{AEE8A2E6-3416-3B50-BFFA-9217F9C3EA0B} = {02EA681E-C7D8-13C7-8484-4AC65E1B71E8}
		{91676865-C968-4E84-907D-96F599A48BA3} = {D0B594B2-93AD-4E5D-A01A-E27FCA696877}
		{5CCAC960-334E-3401-0C5C-6D6F0FE5E072} = {D0B594B2-93AD-4E5D-A01A-E27FCA696877}
		{9A5A390A-A3A5-48C8-812E-E8715AE65052} = {15931F8C-35B5-45EC-AAD5-BC24E12CC378}
		{31ACD223-213F-4095-85EF-B387FEE26532} = {9A5A390A-A3A5-48C8-812E-E8715AE65052}
		{DB1DF01E-CEDC-47A8-8CEF-7C2430942C5C} = {15931F8C-35B5-45EC-AAD5-BC24E12CC378}
		{E24CB19E-835A-62CE-5ADC-08599E72E2A2} = {DB1DF01E-CEDC-47A8-8CEF-7C2430942C5C}
		{5135A109-960E-444B-B4D5-22DF24568476} = {DB1DF01E-CEDC-47A8-8CEF-7C2430942C5C}
	EndGlobalSection
	GlobalSection(ExtensibilityGlobals) = postSolution
		SolutionGuid = {2F167112-848C-4522-AB95-80488D241B4D}
	EndGlobalSection
EndGlobal
